
Microsoft Visual Studio Solution File, Format Version 12.00
# Visual Studio Version 16
VisualStudioVersion = 16.0.31410.357
MinimumVisualStudioVersion = 10.0.40219.1
Project("{FAE04EC0-301F-11D3-BF4B-00C04F79EFBC}") = "TestSampleAPIUsingGenerics", "TestSampleAPIUsingGenerics\TestSampleAPIUsingGenerics.csproj", "{2C019B13-BE3B-46FA-9BD2-B84891E1D32D}"
EndProject
Global
	GlobalSection(SolutionConfigurationPlatforms) = preSolution
		Debug|Any CPU = Debug|Any CPU
		Release|Any CPU = Release|Any CPU
	EndGlobalSection
	GlobalSection(ProjectConfigurationPlatforms) = postSolution
		{2C019B13-BE3B-46FA-9BD2-B84891E1D32D}.Debug|Any CPU.ActiveCfg = Debug|Any CPU
		{2C019B13-BE3B-46FA-9BD2-B84891E1D32D}.Debug|Any CPU.Build.0 = Debug|Any CPU
		{2C019B13-BE3B-46FA-9BD2-B84891E1D32D}.Release|Any CPU.ActiveCfg = Release|Any CPU
		{2C019B13-BE3B-46FA-9BD2-B84891E1D32D}.Release|Any CPU.Build.0 = Release|Any CPU
	EndGlobalSection
	GlobalSection(SolutionProperties) = preSolution
		HideSolutionNode = FALSE
	EndGlobalSection
	GlobalSection(ExtensibilityGlobals) = postSolution
		SolutionGuid = {547BF4A1-DA0F-4DE2-BF6A-D236C709DEB0}
	EndGlobalSection
EndGlobal
